PODS:
  - Evergreen (1.0.1)
  - MarkdownKit (1.5)

DEPENDENCIES:
  - Evergreen
  - MarkdownKit

SPEC REPOS:
  https://github.com/cocoapods/specs.git:
    - Evergreen
    - MarkdownKit

SPEC CHECKSUMS:
  Evergreen: 7cc0e5954ff0a22a736df1b634439a26ac957fc0
  MarkdownKit: 379028e9cd3ebf05ccac87205cd9aead446159d4

PODFILE CHECKSUM: ed9b2013f98636776d2b28d90e461a0c2dc44257

COCOAPODS: 1.6.1
