// !$*UTF8*$!
{
	archiveVersion = 1;
	classes = {
	};
	objectVersion = 46;
	objects = {

/* Begin PBXBuildFile section */
		3542696FD4E2E965A22AB299 /* Pods_Code_Notes.framework in Frameworks */ = {isa = PBXBuildFile; fileRef = 4BF428D40436F0FF14CDA7CB /* Pods_Code_Notes.framework */; };
		514C91201E344F4C00130EAE /* UserSettingsViewController.swift in Sources */ = {isa = PBXBuildFile; fileRef = 514C911F1E344F4C00130EAE /* UserSettingsViewController.swift */; };
		516492F61E496AE000603880 /* LanguageListManagementViewController.swift in Sources */ = {isa = PBXBuildFile; fileRef = 516492F51E496AE000603880 /* LanguageListManagementViewController.swift */; };
		5174E4A11FF22D2600EAEBB2 /* ViewNote.storyboard in Resources */ = {isa = PBXBuildFile; fileRef = 5174E4A01FF22D2600EAEBB2 /* ViewNote.storyboard */; };
		5174E4A31FF22DD500EAEBB2 /* NoteList.storyboard in Resources */ = {isa = PBXBuildFile; fileRef = 5174E4A21FF22DD500EAEBB2 /* NoteList.storyboard */; };
		5174E4A51FF22EDD00EAEBB2 /* LanguageManagement.storyboard in Resources */ = {isa = PBXBuildFile; fileRef = 5174E4A41FF22EDD00EAEBB2 /* LanguageManagement.storyboard */; };
		5174E4A71FF22F3F00EAEBB2 /* EditNote.storyboard in Resources */ = {isa = PBXBuildFile; fileRef = 5174E4A61FF22F3F00EAEBB2 /* EditNote.storyboard */; };
		5174E4A91FF2308C00EAEBB2 /* ApplicationSettings.storyboard in Resources */ = {isa = PBXBuildFile; fileRef = 5174E4A81FF2308C00EAEBB2 /* ApplicationSettings.storyboard */; };
		5174E4AB1FF230B900EAEBB2 /* DefaultDetailView.storyboard in Resources */ = {isa = PBXBuildFile; fileRef = 5174E4AA1FF230B900EAEBB2 /* DefaultDetailView.storyboard */; };
		517F94AF1E4ACEC400EA0A8A /* LanguageListTableViewCell.swift in Sources */ = {isa = PBXBuildFile; fileRef = 517F94AE1E4ACEC400EA0A8A /* LanguageListTableViewCell.swift */; };
		51AB1B0A1E3C6F2A00774E7E /* Model.xcdatamodeld in Sources */ = {isa = PBXBuildFile; fileRef = 51AB1B081E3C6F2A00774E7E /* Model.xcdatamodeld */; };
		51C0378C2068475D002663C7 /* Themes.swift in Sources */ = {isa = PBXBuildFile; fileRef = 51C0378B2068475D002663C7 /* Themes.swift */; };
		88D1B00D08E1AB959B1CFF77 /* Pods_Code_NotesUITests.framework in Frameworks */ = {isa = PBXBuildFile; fileRef = 47BD0B6E77EB506AB998AD1B /* Pods_Code_NotesUITests.framework */; };
		D00FB67C1E26F06100DAA7C7 /* Main.storyboard in Resources */ = {isa = PBXBuildFile; fileRef = D00FB67B1E26F06100DAA7C7 /* Main.storyboard */; };
		D0239A551E45328E00A55A6F /* DefaultLanguageListData.swift in Sources */ = {isa = PBXBuildFile; fileRef = D0239A541E45328E00A55A6F /* DefaultLanguageListData.swift */; };
		D0351FB51E24168A00C1DF53 /* ViewNoteViewController.swift in Sources */ = {isa = PBXBuildFile; fileRef = D0351FB41E24168A00C1DF53 /* ViewNoteViewController.swift */; };
		D069F0691E1CAE91008C79E7 /* AppDelegate.swift in Sources */ = {isa = PBXBuildFile; fileRef = D069F0681E1CAE91008C79E7 /* AppDelegate.swift */; };
		D069F06B1E1CAE91008C79E7 /* MasterViewController.swift in Sources */ = {isa = PBXBuildFile; fileRef = D069F06A1E1CAE91008C79E7 /* MasterViewController.swift */; };
		D069F06D1E1CAE91008C79E7 /* DetailViewController.swift in Sources */ = {isa = PBXBuildFile; fileRef = D069F06C1E1CAE91008C79E7 /* DetailViewController.swift */; };
		D069F0721E1CAE91008C79E7 /* Assets.xcassets in Resources */ = {isa = PBXBuildFile; fileRef = D069F0711E1CAE91008C79E7 /* Assets.xcassets */; };
		D069F0751E1CAE91008C79E7 /* LaunchScreen.storyboard in Resources */ = {isa = PBXBuildFile; fileRef = D069F0731E1CAE91008C79E7 /* LaunchScreen.storyboard */; };
		D069F0801E1CAE91008C79E7 /* LanguageListTests.swift in Sources */ = {isa = PBXBuildFile; fileRef = D069F07F1E1CAE91008C79E7 /* LanguageListTests.swift */; };
		D069F08B1E1CAE91008C79E7 /* Code_NotesUITests.swift in Sources */ = {isa = PBXBuildFile; fileRef = D069F08A1E1CAE91008C79E7 /* Code_NotesUITests.swift */; };
		D06F16B81E1E04A5007EDD5D /* NoteListTableViewCell.swift in Sources */ = {isa = PBXBuildFile; fileRef = D06F16B71E1E04A5007EDD5D /* NoteListTableViewCell.swift */; };
		D0FA24571E3810F200EB54BE /* New icon-60@2x.png in Resources */ = {isa = PBXBuildFile; fileRef = D0FA24481E3810F200EB54BE /* New icon-60@2x.png */; };
		D0FA24581E3810F200EB54BE /* New icon-60@3x.png in Resources */ = {isa = PBXBuildFile; fileRef = D0FA24491E3810F200EB54BE /* New icon-60@3x.png */; };
		D0FA24591E3810F200EB54BE /* New icon-76.png in Resources */ = {isa = PBXBuildFile; fileRef = D0FA244A1E3810F200EB54BE /* New icon-76.png */; };
		D0FA245A1E3810F200EB54BE /* New icon-76@2x.png in Resources */ = {isa = PBXBuildFile; fileRef = D0FA244B1E3810F200EB54BE /* New icon-76@2x.png */; };
		D0FA245B1E3810F200EB54BE /* New icon-83.5@2x.png in Resources */ = {isa = PBXBuildFile; fileRef = D0FA244C1E3810F200EB54BE /* New icon-83.5@2x.png */; };
		D0FA245C1E3810F200EB54BE /* New icon-AppStore.png in Resources */ = {isa = PBXBuildFile; fileRef = D0FA244D1E3810F200EB54BE /* New icon-AppStore.png */; };
		D0FA245D1E3810F200EB54BE /* New icon-AppStore@2x.png in Resources */ = {isa = PBXBuildFile; fileRef = D0FA244E1E3810F200EB54BE /* New icon-AppStore@2x.png */; };
		D0FA245E1E3810F200EB54BE /* New icon-Small-40.png in Resources */ = {isa = PBXBuildFile; fileRef = D0FA244F1E3810F200EB54BE /* New icon-Small-40.png */; };
		D0FA245F1E3810F200EB54BE /* New icon-Small-40@2x.png in Resources */ = {isa = PBXBuildFile; fileRef = D0FA24501E3810F200EB54BE /* New icon-Small-40@2x.png */; };
		D0FA24601E3810F200EB54BE /* New icon-Small-40@3x.png in Resources */ = {isa = PBXBuildFile; fileRef = D0FA24511E3810F200EB54BE /* New icon-Small-40@3x.png */; };
		D0FA24611E3810F200EB54BE /* New icon-Small.png in Resources */ = {isa = PBXBuildFile; fileRef = D0FA24521E3810F200EB54BE /* New icon-Small.png */; };
		D0FA24621E3810F200EB54BE /* New icon-Small@2x.png in Resources */ = {isa = PBXBuildFile; fileRef = D0FA24531E3810F200EB54BE /* New icon-Small@2x.png */; };
		D0FA24631E3810F200EB54BE /* New icon-Small@3x.png in Resources */ = {isa = PBXBuildFile; fileRef = D0FA24541E3810F200EB54BE /* New icon-Small@3x.png */; };
		D0FF5E771E29841600F4678E /* EditNoteViewController.swift in Sources */ = {isa = PBXBuildFile; fileRef = D0FF5E761E29841600F4678E /* EditNoteViewController.swift */; };
		F8FC3B4CC21D13F666769918 /* Pods_Code_NotesTests.framework in Frameworks */ = {isa = PBXBuildFile; fileRef = 2B3EEB628EAA90833BF1686E /* Pods_Code_NotesTests.framework */; };
/* End PBXBuildFile section */

/* Begin PBXContainerItemProxy section */
		D069F07C1E1CAE91008C79E7 /* PBXContainerItemProxy */ = {
			isa = PBXContainerItemProxy;
			containerPortal = D069F05D1E1CAE91008C79E7 /* Project object */;
			proxyType = 1;
			remoteGlobalIDString = D069F0641E1CAE91008C79E7;
			remoteInfo = "Code Notes";
		};
		D069F0871E1CAE91008C79E7 /* PBXContainerItemProxy */ = {
			isa = PBXContainerItemProxy;
			containerPortal = D069F05D1E1CAE91008C79E7 /* Project object */;
			proxyType = 1;
			remoteGlobalIDString = D069F0641E1CAE91008C79E7;
			remoteInfo = "Code Notes";
		};
/* End PBXContainerItemProxy section */

/* Begin PBXFileReference section */
		0208B67A0E032851657DF016 /* Pods-Code NotesUITests.release.xcconfig */ = {isa = PBXFileReference; includeInIndex = 1; lastKnownFileType = text.xcconfig; name = "Pods-Code NotesUITests.release.xcconfig"; path = "Pods/Target Support Files/Pods-Code NotesUITests/Pods-Code NotesUITests.release.xcconfig"; sourceTree = "<group>"; };
		113F740B7A5DFDE031E07F36 /* Pods-Code NotesTests.release.xcconfig */ = {isa = PBXFileReference; includeInIndex = 1; lastKnownFileType = text.xcconfig; name = "Pods-Code NotesTests.release.xcconfig"; path = "Pods/Target Support Files/Pods-Code NotesTests/Pods-Code NotesTests.release.xcconfig"; sourceTree = "<group>"; };
		2B3EEB628EAA90833BF1686E /* Pods_Code_NotesTests.framework */ = {isa = PBXFileReference; explicitFileType = wrapper.framework; includeInIndex = 0; path = Pods_Code_NotesTests.framework; sourceTree = BUILT_PRODUCTS_DIR; };
		47BD0B6E77EB506AB998AD1B /* Pods_Code_NotesUITests.framework */ = {isa = PBXFileReference; explicitFileType = wrapper.framework; includeInIndex = 0; path = Pods_Code_NotesUITests.framework; sourceTree = BUILT_PRODUCTS_DIR; };
		4BF428D40436F0FF14CDA7CB /* Pods_Code_Notes.framework */ = {isa = PBXFileReference; explicitFileType = wrapper.framework; includeInIndex = 0; path = Pods_Code_Notes.framework; sourceTree = BUILT_PRODUCTS_DIR; };
		514C911F1E344F4C00130EAE /* UserSettingsViewController.swift */ = {isa = PBXFileReference; fileEncoding = 4; lastKnownFileType = sourcecode.swift; path = UserSettingsViewController.swift; sourceTree = "<group>"; };
		516492F51E496AE000603880 /* LanguageListManagementViewController.swift */ = {isa = PBXFileReference; fileEncoding = 4; lastKnownFileType = sourcecode.swift; path = LanguageListManagementViewController.swift; sourceTree = "<group>"; };
		5174E4A01FF22D2600EAEBB2 /* ViewNote.storyboard */ = {isa = PBXFileReference; fileEncoding = 4; lastKnownFileType = file.storyboard; path = ViewNote.storyboard; sourceTree = "<group>"; };
		5174E4A21FF22DD500EAEBB2 /* NoteList.storyboard */ = {isa = PBXFileReference; fileEncoding = 4; lastKnownFileType = file.storyboard; path = NoteList.storyboard; sourceTree = "<group>"; };
		5174E4A41FF22EDD00EAEBB2 /* LanguageManagement.storyboard */ = {isa = PBXFileReference; fileEncoding = 4; lastKnownFileType = file.storyboard; path = LanguageManagement.storyboard; sourceTree = "<group>"; };
		5174E4A61FF22F3F00EAEBB2 /* EditNote.storyboard */ = {isa = PBXFileReference; fileEncoding = 4; lastKnownFileType = file.storyboard; path = EditNote.storyboard; sourceTree = "<group>"; };
		5174E4A81FF2308C00EAEBB2 /* ApplicationSettings.storyboard */ = {isa = PBXFileReference; fileEncoding = 4; lastKnownFileType = file.storyboard; path = ApplicationSettings.storyboard; sourceTree = "<group>"; };
		5174E4AA1FF230B900EAEBB2 /* DefaultDetailView.storyboard */ = {isa = PBXFileReference; fileEncoding = 4; lastKnownFileType = file.storyboard; path = DefaultDetailView.storyboard; sourceTree = "<group>"; };
		517F94AE1E4ACEC400EA0A8A /* LanguageListTableViewCell.swift */ = {isa = PBXFileReference; fileEncoding = 4; lastKnownFileType = sourcecode.swift; name = LanguageListTableViewCell.swift; path = ValueObjects/LanguageListTableViewCell.swift; sourceTree = "<group>"; };
		51AB1B091E3C6F2A00774E7E /* Model.xcdatamodel */ = {isa = PBXFileReference; lastKnownFileType = wrapper.xcdatamodel; path = Model.xcdatamodel; sourceTree = "<group>"; };
		51C0378B2068475D002663C7 /* Themes.swift */ = {isa = PBXFileReference; lastKnownFileType = sourcecode.swift; path = Themes.swift; sourceTree = "<group>"; };
		7CBAEBFDCFEFAB79395D5CD2 /* Pods-Code NotesUITests.debug.xcconfig */ = {isa = PBXFileReference; includeInIndex = 1; lastKnownFileType = text.xcconfig; name = "Pods-Code NotesUITests.debug.xcconfig"; path = "Pods/Target Support Files/Pods-Code NotesUITests/Pods-Code NotesUITests.debug.xcconfig"; sourceTree = "<group>"; };
		C5DEB2DE03710337B09F7E46 /* Pods-Code Notes.debug.xcconfig */ = {isa = PBXFileReference; includeInIndex = 1; lastKnownFileType = text.xcconfig; name = "Pods-Code Notes.debug.xcconfig"; path = "Pods/Target Support Files/Pods-Code Notes/Pods-Code Notes.debug.xcconfig"; sourceTree = "<group>"; };
		C851A75942EB4944AF3BD8B5 /* Pods-Code Notes.release.xcconfig */ = {isa = PBXFileReference; includeInIndex = 1; lastKnownFileType = text.xcconfig; name = "Pods-Code Notes.release.xcconfig"; path = "Pods/Target Support Files/Pods-Code Notes/Pods-Code Notes.release.xcconfig"; sourceTree = "<group>"; };
		D00FB67B1E26F06100DAA7C7 /* Main.storyboard */ = {isa = PBXFileReference; fileEncoding = 4; lastKnownFileType = file.storyboard; path = Main.storyboard; sourceTree = "<group>"; };
		D0239A541E45328E00A55A6F /* DefaultLanguageListData.swift */ = {isa = PBXFileReference; fileEncoding = 4; lastKnownFileType = sourcecode.swift; path = DefaultLanguageListData.swift; sourceTree = "<group>"; };
		D0351FB41E24168A00C1DF53 /* ViewNoteViewController.swift */ = {isa = PBXFileReference; fileEncoding = 4; lastKnownFileType = sourcecode.swift; path = ViewNoteViewController.swift; sourceTree = "<group>"; };
		D069F0651E1CAE91008C79E7 /* Code Notes.app */ = {isa = PBXFileReference; explicitFileType = wrapper.application; includeInIndex = 0; path = "Code Notes.app"; sourceTree = BUILT_PRODUCTS_DIR; };
		D069F0681E1CAE91008C79E7 /* AppDelegate.swift */ = {isa = PBXFileReference; lastKnownFileType = sourcecode.swift; path = AppDelegate.swift; sourceTree = "<group>"; };
		D069F06A1E1CAE91008C79E7 /* MasterViewController.swift */ = {isa = PBXFileReference; lastKnownFileType = sourcecode.swift; path = MasterViewController.swift; sourceTree = "<group>"; };
		D069F06C1E1CAE91008C79E7 /* DetailViewController.swift */ = {isa = PBXFileReference; lastKnownFileType = sourcecode.swift; path = DetailViewController.swift; sourceTree = "<group>"; };
		D069F0711E1CAE91008C79E7 /* Assets.xcassets */ = {isa = PBXFileReference; lastKnownFileType = folder.assetcatalog; path = Assets.xcassets; sourceTree = "<group>"; };
		D069F0741E1CAE91008C79E7 /* Base */ = {isa = PBXFileReference; lastKnownFileType = file.storyboard; name = Base; path = Base.lproj/LaunchScreen.storyboard; sourceTree = "<group>"; };
		D069F0761E1CAE91008C79E7 /* Info.plist */ = {isa = PBXFileReference; lastKnownFileType = text.plist.xml; path = Info.plist; sourceTree = "<group>"; };
		D069F07B1E1CAE91008C79E7 /* Code NotesTests.xctest */ = {isa = PBXFileReference; explicitFileType = wrapper.cfbundle; includeInIndex = 0; path = "Code NotesTests.xctest"; sourceTree = BUILT_PRODUCTS_DIR; };
		D069F07F1E1CAE91008C79E7 /* LanguageListTests.swift */ = {isa = PBXFileReference; lastKnownFileType = sourcecode.swift; path = LanguageListTests.swift; sourceTree = "<group>"; };
		D069F0811E1CAE91008C79E7 /* Info.plist */ = {isa = PBXFileReference; lastKnownFileType = text.plist.xml; path = Info.plist; sourceTree = "<group>"; };
		D069F0861E1CAE91008C79E7 /* Code NotesUITests.xctest */ = {isa = PBXFileReference; explicitFileType = wrapper.cfbundle; includeInIndex = 0; path = "Code NotesUITests.xctest"; sourceTree = BUILT_PRODUCTS_DIR; };
		D069F08A1E1CAE91008C79E7 /* Code_NotesUITests.swift */ = {isa = PBXFileReference; lastKnownFileType = sourcecode.swift; path = Code_NotesUITests.swift; sourceTree = "<group>"; };
		D069F08C1E1CAE91008C79E7 /* Info.plist */ = {isa = PBXFileReference; lastKnownFileType = text.plist.xml; path = Info.plist; sourceTree = "<group>"; };
		D06F16B71E1E04A5007EDD5D /* NoteListTableViewCell.swift */ = {isa = PBXFileReference; fileEncoding = 4; lastKnownFileType = sourcecode.swift; name = NoteListTableViewCell.swift; path = ValueObjects/NoteListTableViewCell.swift; sourceTree = "<group>"; };
		D0FA24451E3810F200EB54BE /* CodeNotes Icon.pdf */ = {isa = PBXFileReference; lastKnownFileType = image.pdf; path = "CodeNotes Icon.pdf"; sourceTree = "<group>"; };
		D0FA24461E3810F200EB54BE /* CodeNotesIcon.sketch */ = {isa = PBXFileReference; lastKnownFileType = file; path = CodeNotesIcon.sketch; sourceTree = "<group>"; };
		D0FA24481E3810F200EB54BE /* New icon-60@2x.png */ = {isa = PBXFileReference; lastKnownFileType = image.png; path = "New icon-60@2x.png"; sourceTree = "<group>"; };
		D0FA24491E3810F200EB54BE /* New icon-60@3x.png */ = {isa = PBXFileReference; lastKnownFileType = image.png; path = "New icon-60@3x.png"; sourceTree = "<group>"; };
		D0FA244A1E3810F200EB54BE /* New icon-76.png */ = {isa = PBXFileReference; lastKnownFileType = image.png; path = "New icon-76.png"; sourceTree = "<group>"; };
		D0FA244B1E3810F200EB54BE /* New icon-76@2x.png */ = {isa = PBXFileReference; lastKnownFileType = image.png; path = "New icon-76@2x.png"; sourceTree = "<group>"; };
		D0FA244C1E3810F200EB54BE /* New icon-83.5@2x.png */ = {isa = PBXFileReference; lastKnownFileType = image.png; path = "New icon-83.5@2x.png"; sourceTree = "<group>"; };
		D0FA244D1E3810F200EB54BE /* New icon-AppStore.png */ = {isa = PBXFileReference; lastKnownFileType = image.png; path = "New icon-AppStore.png"; sourceTree = "<group>"; };
		D0FA244E1E3810F200EB54BE /* New icon-AppStore@2x.png */ = {isa = PBXFileReference; lastKnownFileType = image.png; path = "New icon-AppStore@2x.png"; sourceTree = "<group>"; };
		D0FA244F1E3810F200EB54BE /* New icon-Small-40.png */ = {isa = PBXFileReference; lastKnownFileType = image.png; path = "New icon-Small-40.png"; sourceTree = "<group>"; };
		D0FA24501E3810F200EB54BE /* New icon-Small-40@2x.png */ = {isa = PBXFileReference; lastKnownFileType = image.png; path = "New icon-Small-40@2x.png"; sourceTree = "<group>"; };
		D0FA24511E3810F200EB54BE /* New icon-Small-40@3x.png */ = {isa = PBXFileReference; lastKnownFileType = image.png; path = "New icon-Small-40@3x.png"; sourceTree = "<group>"; };
		D0FA24521E3810F200EB54BE /* New icon-Small.png */ = {isa = PBXFileReference; lastKnownFileType = image.png; path = "New icon-Small.png"; sourceTree = "<group>"; };
		D0FA24531E3810F200EB54BE /* New icon-Small@2x.png */ = {isa = PBXFileReference; lastKnownFileType = image.png; path = "New icon-Small@2x.png"; sourceTree = "<group>"; };
		D0FA24541E3810F200EB54BE /* New icon-Small@3x.png */ = {isa = PBXFileReference; lastKnownFileType = image.png; path = "New icon-Small@3x.png"; sourceTree = "<group>"; };
		D0FF5E761E29841600F4678E /* EditNoteViewController.swift */ = {isa = PBXFileReference; fileEncoding = 4; lastKnownFileType = sourcecode.swift; path = EditNoteViewController.swift; sourceTree = "<group>"; };
		E9938A16F671591CDCA8103B /* Pods-Code NotesTests.debug.xcconfig */ = {isa = PBXFileReference; includeInIndex = 1; lastKnownFileType = text.xcconfig; name = "Pods-Code NotesTests.debug.xcconfig"; path = "Pods/Target Support Files/Pods-Code NotesTests/Pods-Code NotesTests.debug.xcconfig"; sourceTree = "<group>"; };
/* End PBXFileReference section */

/* Begin PBXFrameworksBuildPhase section */
		D069F0621E1CAE91008C79E7 /* Frameworks */ = {
			isa = PBXFrameworksBuildPhase;
			buildActionMask = 2147483647;
			files = (
				3542696FD4E2E965A22AB299 /* Pods_Code_Notes.framework in Frameworks */,
			);
			runOnlyForDeploymentPostprocessing = 0;
		};
		D069F0781E1CAE91008C79E7 /* Frameworks */ = {
			isa = PBXFrameworksBuildPhase;
			buildActionMask = 2147483647;
			files = (
				F8FC3B4CC21D13F666769918 /* Pods_Code_NotesTests.framework in Frameworks */,
			);
			runOnlyForDeploymentPostprocessing = 0;
		};
		D069F0831E1CAE91008C79E7 /* Frameworks */ = {
			isa = PBXFrameworksBuildPhase;
			buildActionMask = 2147483647;
			files = (
				88D1B00D08E1AB959B1CFF77 /* Pods_Code_NotesUITests.framework in Frameworks */,
			);
			runOnlyForDeploymentPostprocessing = 0;
		};
/* End PBXFrameworksBuildPhase section */

/* Begin PBXGroup section */
		5174E49F1FF22AC000EAEBB2 /* Storyboards */ = {
			isa = PBXGroup;
			children = (
				D069F0731E1CAE91008C79E7 /* LaunchScreen.storyboard */,
				D00FB67B1E26F06100DAA7C7 /* Main.storyboard */,
				5174E4AA1FF230B900EAEBB2 /* DefaultDetailView.storyboard */,
				5174E4A81FF2308C00EAEBB2 /* ApplicationSettings.storyboard */,
				5174E4A61FF22F3F00EAEBB2 /* EditNote.storyboard */,
				5174E4A41FF22EDD00EAEBB2 /* LanguageManagement.storyboard */,
				5174E4A21FF22DD500EAEBB2 /* NoteList.storyboard */,
				5174E4A01FF22D2600EAEBB2 /* ViewNote.storyboard */,
			);
			path = Storyboards;
			sourceTree = "<group>";
		};
		6BF7E1774412CD63C042C406 /* Frameworks */ = {
			isa = PBXGroup;
			children = (
				4BF428D40436F0FF14CDA7CB /* Pods_Code_Notes.framework */,
				2B3EEB628EAA90833BF1686E /* Pods_Code_NotesTests.framework */,
				47BD0B6E77EB506AB998AD1B /* Pods_Code_NotesUITests.framework */,
			);
			name = Frameworks;
			sourceTree = "<group>";
		};
		C5B0AB4507839CBDED322649 /* Pods */ = {
			isa = PBXGroup;
			children = (
				C5DEB2DE03710337B09F7E46 /* Pods-Code Notes.debug.xcconfig */,
				C851A75942EB4944AF3BD8B5 /* Pods-Code Notes.release.xcconfig */,
				E9938A16F671591CDCA8103B /* Pods-Code NotesTests.debug.xcconfig */,
				113F740B7A5DFDE031E07F36 /* Pods-Code NotesTests.release.xcconfig */,
				7CBAEBFDCFEFAB79395D5CD2 /* Pods-Code NotesUITests.debug.xcconfig */,
				0208B67A0E032851657DF016 /* Pods-Code NotesUITests.release.xcconfig */,
			);
			name = Pods;
			sourceTree = "<group>";
		};
		D069F05C1E1CAE91008C79E7 = {
			isa = PBXGroup;
			children = (
				D069F0671E1CAE91008C79E7 /* Code Notes */,
				D069F07E1E1CAE91008C79E7 /* Code NotesTests */,
				D069F0891E1CAE91008C79E7 /* Code NotesUITests */,
				D069F0661E1CAE91008C79E7 /* Products */,
				C5B0AB4507839CBDED322649 /* Pods */,
				6BF7E1774412CD63C042C406 /* Frameworks */,
			);
			indentWidth = 4;
			sourceTree = "<group>";
			tabWidth = 4;
			usesTabs = 0;
		};
		D069F0661E1CAE91008C79E7 /* Products */ = {
			isa = PBXGroup;
			children = (
				D069F0651E1CAE91008C79E7 /* Code Notes.app */,
				D069F07B1E1CAE91008C79E7 /* Code NotesTests.xctest */,
				D069F0861E1CAE91008C79E7 /* Code NotesUITests.xctest */,
			);
			name = Products;
			sourceTree = "<group>";
		};
		D069F0671E1CAE91008C79E7 /* Code Notes */ = {
			isa = PBXGroup;
			children = (
				5174E49F1FF22AC000EAEBB2 /* Storyboards */,
				51AB1B081E3C6F2A00774E7E /* Model.xcdatamodeld */,
				D0FA24441E3810F200EB54BE /* CodeNotes Icons */,
				D0B909B01E2E99DA0058DECA /* Data Handling */,
				D069F09B1E1CC43F008C79E7 /* ValueObjects */,
				D069F09A1E1CC426008C79E7 /* Controllers */,
				D069F0681E1CAE91008C79E7 /* AppDelegate.swift */,
				D069F0711E1CAE91008C79E7 /* Assets.xcassets */,
				D069F0761E1CAE91008C79E7 /* Info.plist */,
				51C0378B2068475D002663C7 /* Themes.swift */,
			);
			path = "Code Notes";
			sourceTree = "<group>";
		};
		D069F07E1E1CAE91008C79E7 /* Code NotesTests */ = {
			isa = PBXGroup;
			children = (
				D069F07F1E1CAE91008C79E7 /* LanguageListTests.swift */,
				D069F0811E1CAE91008C79E7 /* Info.plist */,
			);
			path = "Code NotesTests";
			sourceTree = "<group>";
		};
		D069F0891E1CAE91008C79E7 /* Code NotesUITests */ = {
			isa = PBXGroup;
			children = (
				D069F08A1E1CAE91008C79E7 /* Code_NotesUITests.swift */,
				D069F08C1E1CAE91008C79E7 /* Info.plist */,
			);
			path = "Code NotesUITests";
			sourceTree = "<group>";
		};
		D069F09A1E1CC426008C79E7 /* Controllers */ = {
			isa = PBXGroup;
			children = (
				D069F06A1E1CAE91008C79E7 /* MasterViewController.swift */,
				D069F06C1E1CAE91008C79E7 /* DetailViewController.swift */,
				D0351FB41E24168A00C1DF53 /* ViewNoteViewController.swift */,
				D0FF5E761E29841600F4678E /* EditNoteViewController.swift */,
				514C911F1E344F4C00130EAE /* UserSettingsViewController.swift */,
				516492F51E496AE000603880 /* LanguageListManagementViewController.swift */,
			);
			name = Controllers;
			sourceTree = "<group>";
		};
		D069F09B1E1CC43F008C79E7 /* ValueObjects */ = {
			isa = PBXGroup;
			children = (
				D06F16B71E1E04A5007EDD5D /* NoteListTableViewCell.swift */,
				517F94AE1E4ACEC400EA0A8A /* LanguageListTableViewCell.swift */,
			);
			name = ValueObjects;
			sourceTree = "<group>";
		};
		D0B909B01E2E99DA0058DECA /* Data Handling */ = {
			isa = PBXGroup;
			children = (
				D0239A541E45328E00A55A6F /* DefaultLanguageListData.swift */,
			);
			name = "Data Handling";
			sourceTree = "<group>";
		};
		D0FA24441E3810F200EB54BE /* CodeNotes Icons */ = {
			isa = PBXGroup;
			children = (
				D0FA24451E3810F200EB54BE /* CodeNotes Icon.pdf */,
				D0FA24461E3810F200EB54BE /* CodeNotesIcon.sketch */,
				D0FA24471E3810F200EB54BE /* New icon */,
			);
			path = "CodeNotes Icons";
			sourceTree = "<group>";
		};
		D0FA24471E3810F200EB54BE /* New icon */ = {
			isa = PBXGroup;
			children = (
				D0FA24481E3810F200EB54BE /* New icon-60@2x.png */,
				D0FA24491E3810F200EB54BE /* New icon-60@3x.png */,
				D0FA244A1E3810F200EB54BE /* New icon-76.png */,
				D0FA244B1E3810F200EB54BE /* New icon-76@2x.png */,
				D0FA244C1E3810F200EB54BE /* New icon-83.5@2x.png */,
				D0FA244D1E3810F200EB54BE /* New icon-AppStore.png */,
				D0FA244E1E3810F200EB54BE /* New icon-AppStore@2x.png */,
				D0FA244F1E3810F200EB54BE /* New icon-Small-40.png */,
				D0FA24501E3810F200EB54BE /* New icon-Small-40@2x.png */,
				D0FA24511E3810F200EB54BE /* New icon-Small-40@3x.png */,
				D0FA24521E3810F200EB54BE /* New icon-Small.png */,
				D0FA24531E3810F200EB54BE /* New icon-Small@2x.png */,
				D0FA24541E3810F200EB54BE /* New icon-Small@3x.png */,
			);
			path = "New icon";
			sourceTree = "<group>";
		};
/* End PBXGroup section */

/* Begin PBXNativeTarget section */
		D069F0641E1CAE91008C79E7 /* Code Notes */ = {
			isa = PBXNativeTarget;
			buildConfigurationList = D069F08F1E1CAE91008C79E7 /* Build configuration list for PBXNativeTarget "Code Notes" */;
			buildPhases = (
				BFFFF4BDEC0F324FB4710586 /* [CP] Check Pods Manifest.lock */,
				D069F0611E1CAE91008C79E7 /* Sources */,
				D069F0621E1CAE91008C79E7 /* Frameworks */,
				D069F0631E1CAE91008C79E7 /* Resources */,
				D8D4B63C5614DD1DD9989659 /* [CP] Embed Pods Frameworks */,
				5100ACEC1E90432800A161E3 /* ShellScript */,
				634BE775E98A970593BE6A56 /* Warn for TODO and FIXME comments */,
				06CF9976187862AA3683F89F /* Set version number */,
			);
			buildRules = (
			);
			dependencies = (
			);
			name = "Code Notes";
			productName = "Code Notes";
			productReference = D069F0651E1CAE91008C79E7 /* Code Notes.app */;
			productType = "com.apple.product-type.application";
		};
		D069F07A1E1CAE91008C79E7 /* Code NotesTests */ = {
			isa = PBXNativeTarget;
			buildConfigurationList = D069F0921E1CAE91008C79E7 /* Build configuration list for PBXNativeTarget "Code NotesTests" */;
			buildPhases = (
				DAEE7E98337E3F266D2A43B1 /* [CP] Check Pods Manifest.lock */,
				D069F0771E1CAE91008C79E7 /* Sources */,
				D069F0781E1CAE91008C79E7 /* Frameworks */,
				D069F0791E1CAE91008C79E7 /* Resources */,
			);
			buildRules = (
			);
			dependencies = (
				D069F07D1E1CAE91008C79E7 /* PBXTargetDependency */,
			);
			name = "Code NotesTests";
			productName = "Code NotesTests";
			productReference = D069F07B1E1CAE91008C79E7 /* Code NotesTests.xctest */;
			productType = "com.apple.product-type.bundle.unit-test";
		};
		D069F0851E1CAE91008C79E7 /* Code NotesUITests */ = {
			isa = PBXNativeTarget;
			buildConfigurationList = D069F0951E1CAE91008C79E7 /* Build configuration list for PBXNativeTarget "Code NotesUITests" */;
			buildPhases = (
				47FE8EE5C49D597BAD9CD79E /* [CP] Check Pods Manifest.lock */,
				D069F0821E1CAE91008C79E7 /* Sources */,
				D069F0831E1CAE91008C79E7 /* Frameworks */,
				D069F0841E1CAE91008C79E7 /* Resources */,
			);
			buildRules = (
			);
			dependencies = (
				D069F0881E1CAE91008C79E7 /* PBXTargetDependency */,
			);
			name = "Code NotesUITests";
			productName = "Code NotesUITests";
			productReference = D069F0861E1CAE91008C79E7 /* Code NotesUITests.xctest */;
			productType = "com.apple.product-type.bundle.ui-testing";
		};
/* End PBXNativeTarget section */

/* Begin PBXProject section */
		D069F05D1E1CAE91008C79E7 /* Project object */ = {
			isa = PBXProject;
			attributes = {
				LastSwiftUpdateCheck = 0820;
				LastUpgradeCheck = 0930;
				ORGANIZATIONNAME = "Peter Witham";
				TargetAttributes = {
					D069F0641E1CAE91008C79E7 = {
						CreatedOnToolsVersion = 8.2.1;
						DevelopmentTeam = 93BM64U6PG;
						LastSwiftMigration = 0900;
						ProvisioningStyle = Automatic;
					};
					D069F07A1E1CAE91008C79E7 = {
						CreatedOnToolsVersion = 8.2.1;
						DevelopmentTeam = 93BM64U6PG;
						LastSwiftMigration = 0900;
						ProvisioningStyle = Automatic;
						TestTargetID = D069F0641E1CAE91008C79E7;
					};
					D069F0851E1CAE91008C79E7 = {
						CreatedOnToolsVersion = 8.2.1;
						DevelopmentTeam = 93BM64U6PG;
						LastSwiftMigration = 0900;
						ProvisioningStyle = Automatic;
						TestTargetID = D069F0641E1CAE91008C79E7;
					};
				};
			};
			buildConfigurationList = D069F0601E1CAE91008C79E7 /* Build configuration list for PBXProject "Code Notes" */;
			compatibilityVersion = "Xcode 3.2";
			developmentRegion = English;
			hasScannedForEncodings = 0;
			knownRegions = (
				en,
				Base,
			);
			mainGroup = D069F05C1E1CAE91008C79E7;
			productRefGroup = D069F0661E1CAE91008C79E7 /* Products */;
			projectDirPath = "";
			projectRoot = "";
			targets = (
				D069F0641E1CAE91008C79E7 /* Code Notes */,
				D069F07A1E1CAE91008C79E7 /* Code NotesTests */,
				D069F0851E1CAE91008C79E7 /* Code NotesUITests */,
			);
		};
/* End PBXProject section */

/* Begin PBXResourcesBuildPhase section */
		D069F0631E1CAE91008C79E7 /* Resources */ = {
			isa = PBXResourcesBuildPhase;
			buildActionMask = 2147483647;
			files = (
				D0FA24581E3810F200EB54BE /* New icon-60@3x.png in Resources */,
				5174E4A51FF22EDD00EAEBB2 /* LanguageManagement.storyboard in Resources */,
				D0FA245C1E3810F200EB54BE /* New icon-AppStore.png in Resources */,
				D0FA245B1E3810F200EB54BE /* New icon-83.5@2x.png in Resources */,
				D00FB67C1E26F06100DAA7C7 /* Main.storyboard in Resources */,
				D069F0751E1CAE91008C79E7 /* LaunchScreen.storyboard in Resources */,
				D069F0721E1CAE91008C79E7 /* Assets.xcassets in Resources */,
				5174E4A31FF22DD500EAEBB2 /* NoteList.storyboard in Resources */,
				D0FA24601E3810F200EB54BE /* New icon-Small-40@3x.png in Resources */,
				D0FA24621E3810F200EB54BE /* New icon-Small@2x.png in Resources */,
				5174E4A71FF22F3F00EAEBB2 /* EditNote.storyboard in Resources */,
				D0FA24631E3810F200EB54BE /* New icon-Small@3x.png in Resources */,
				5174E4AB1FF230B900EAEBB2 /* DefaultDetailView.storyboard in Resources */,
				D0FA245E1E3810F200EB54BE /* New icon-Small-40.png in Resources */,
				D0FA245A1E3810F200EB54BE /* New icon-76@2x.png in Resources */,
				D0FA245D1E3810F200EB54BE /* New icon-AppStore@2x.png in Resources */,
				5174E4A11FF22D2600EAEBB2 /* ViewNote.storyboard in Resources */,
				D0FA245F1E3810F200EB54BE /* New icon-Small-40@2x.png in Resources */,
				D0FA24571E3810F200EB54BE /* New icon-60@2x.png in Resources */,
				5174E4A91FF2308C00EAEBB2 /* ApplicationSettings.storyboard in Resources */,
				D0FA24611E3810F200EB54BE /* New icon-Small.png in Resources */,
				D0FA24591E3810F200EB54BE /* New icon-76.png in Resources */,
			);
			runOnlyForDeploymentPostprocessing = 0;
		};
		D069F0791E1CAE91008C79E7 /* Resources */ = {
			isa = PBXResourcesBuildPhase;
			buildActionMask = 2147483647;
			files = (
			);
			runOnlyForDeploymentPostprocessing = 0;
		};
		D069F0841E1CAE91008C79E7 /* Resources */ = {
			isa = PBXResourcesBuildPhase;
			buildActionMask = 2147483647;
			files = (
			);
			runOnlyForDeploymentPostprocessing = 0;
		};
/* End PBXResourcesBuildPhase section */

/* Begin PBXShellScriptBuildPhase section */
		06CF9976187862AA3683F89F /* Set version number */ = {
			isa = PBXShellScriptBuildPhase;
			buildActionMask = 2147483647;
			files = (
			);
			inputPaths = (
			);
			name = "Set version number";
			outputPaths = (
			);
			runOnlyForDeploymentPostprocessing = 0;
			shellPath = /bin/sh;
			shellScript = "git=$(sh /etc/profile; which git)\ngit_release_version=$(\"$git\" describe --tags --always --abbrev=0)\nnumber_of_commits=$(\"$git\" rev-list master --count)\ntarget_plist=\"$TARGET_BUILD_DIR/$INFOPLIST_PATH\"\ndsym_plist=\"$DWARF_DSYM_FOLDER_PATH/$DWARF_DSYM_FILE_NAME/Contents/Info.plist\"\n\nfor plist in \"$target_plist\" \"$dsym_plist\"; do\n  if [ -f \"$plist\" ]; then\n    /usr/libexec/PlistBuddy -c \"Set :CFBundleVersion $number_of_commits\" \"$plist\"\n    /usr/libexec/PlistBuddy -c \"Set :CFBundleShortVersionString ${git_release_version#*v}\" \"$plist\"\n  fi\ndone\n";
		};
		47FE8EE5C49D597BAD9CD79E /* [CP] Check Pods Manifest.lock */ = {
			isa = PBXShellScriptBuildPhase;
			buildActionMask = 2147483647;
			files = (
			);
			inputPaths = (
				"${PODS_PODFILE_DIR_PATH}/Podfile.lock",
				"${PODS_ROOT}/Manifest.lock",
			);
			name = "[CP] Check Pods Manifest.lock";
			outputPaths = (
				"$(DERIVED_FILE_DIR)/Pods-Code NotesUITests-checkManifestLockResult.txt",
			);
			runOnlyForDeploymentPostprocessing = 0;
			shellPath = /bin/sh;
			shellScript = "diff \"${PODS_PODFILE_DIR_PATH}/Podfile.lock\" \"${PODS_ROOT}/Manifest.lock\" > /dev/null\nif [ $? != 0 ] ; then\n    # print error to STDERR\n    echo \"error: The sandbox is not in sync with the Podfile.lock. Run 'pod install' or update your CocoaPods installation.\" >&2\n    exit 1\nfi\n# This output is used by Xcode 'outputs' to avoid re-running this script phase.\necho \"SUCCESS\" > \"${SCRIPT_OUTPUT_FILE_0}\"\n";
			showEnvVarsInLog = 0;
		};
		5100ACEC1E90432800A161E3 /* ShellScript */ = {
			isa = PBXShellScriptBuildPhase;
			buildActionMask = 2147483647;
			files = (
			);
			inputPaths = (
			);
			outputPaths = (
			);
			runOnlyForDeploymentPostprocessing = 0;
			shellPath = /bin/sh;
			shellScript = "if which swiftlint >/dev/null; then\nswiftlint\nelse\necho \"warning: SwiftLint not installed, download from https://github.com/realm/SwiftLint\"\nfi";
		};
		634BE775E98A970593BE6A56 /* Warn for TODO and FIXME comments */ = {
			isa = PBXShellScriptBuildPhase;
			buildActionMask = 2147483647;
			files = (
			);
			inputPaths = (
			);
			name = "Warn for TODO and FIXME comments";
			outputPaths = (
			);
			runOnlyForDeploymentPostprocessing = 0;
			shellPath = /bin/sh;
			shellScript = "KEYWORDS=\"TODO:|FIXME:|\\?\\?\\?:|\\!\\!\\!:\"\nFILE_EXTENSIONS=\"swift|h|m|mm|c|cpp\"\nfind -E \"${SRCROOT}\" -ipath \"${SRCROOT}/Carthage\" -prune -o -ipath \"${SRCROOT}/pods\" -prune -o \\( -regex \".*\\.($FILE_EXTENSIONS)$\" \\) -print0 | xargs -0 egrep --with-filename --line-number --only-matching \"($KEYWORDS).*\\$\" | perl -p -e \"s/($KEYWORDS)/ warning: \\$1/\"\n";
		};
		BFFFF4BDEC0F324FB4710586 /* [CP] Check Pods Manifest.lock */ = {
			isa = PBXShellScriptBuildPhase;
			buildActionMask = 2147483647;
			files = (
			);
			inputPaths = (
				"${PODS_PODFILE_DIR_PATH}/Podfile.lock",
				"${PODS_ROOT}/Manifest.lock",
			);
			name = "[CP] Check Pods Manifest.lock";
			outputPaths = (
				"$(DERIVED_FILE_DIR)/Pods-Code Notes-checkManifestLockResult.txt",
			);
			runOnlyForDeploymentPostprocessing = 0;
			shellPath = /bin/sh;
			shellScript = "diff \"${PODS_PODFILE_DIR_PATH}/Podfile.lock\" \"${PODS_ROOT}/Manifest.lock\" > /dev/null\nif [ $? != 0 ] ; then\n    # print error to STDERR\n    echo \"error: The sandbox is not in sync with the Podfile.lock. Run 'pod install' or update your CocoaPods installation.\" >&2\n    exit 1\nfi\n# This output is used by Xcode 'outputs' to avoid re-running this script phase.\necho \"SUCCESS\" > \"${SCRIPT_OUTPUT_FILE_0}\"\n";
			showEnvVarsInLog = 0;
		};
		D8D4B63C5614DD1DD9989659 /* [CP] Embed Pods Frameworks */ = {
			isa = PBXShellScriptBuildPhase;
			buildActionMask = 2147483647;
			files = (
			);
			inputPaths = (
				"${SRCROOT}/Pods/Target Support Files/Pods-Code Notes/Pods-Code Notes-frameworks.sh",
				"${BUILT_PRODUCTS_DIR}/Evergreen/Evergreen.framework",
			);
			name = "[CP] Embed Pods Frameworks";
			outputPaths = (
				"${TARGET_BUILD_DIR}/${FRAMEWORKS_FOLDER_PATH}/Evergreen.framework",
			);
			runOnlyForDeploymentPostprocessing = 0;
			shellPath = /bin/sh;
			shellScript = "\"${SRCROOT}/Pods/Target Support Files/Pods-Code Notes/Pods-Code Notes-frameworks.sh\"\n";
			showEnvVarsInLog = 0;
		};
		DAEE7E98337E3F266D2A43B1 /* [CP] Check Pods Manifest.lock */ = {
			isa = PBXShellScriptBuildPhase;
			buildActionMask = 2147483647;
			files = (
			);
			inputPaths = (
				"${PODS_PODFILE_DIR_PATH}/Podfile.lock",
				"${PODS_ROOT}/Manifest.lock",
			);
			name = "[CP] Check Pods Manifest.lock";
			outputPaths = (
				"$(DERIVED_FILE_DIR)/Pods-Code NotesTests-checkManifestLockResult.txt",
			);
			runOnlyForDeploymentPostprocessing = 0;
			shellPath = /bin/sh;
			shellScript = "diff \"${PODS_PODFILE_DIR_PATH}/Podfile.lock\" \"${PODS_ROOT}/Manifest.lock\" > /dev/null\nif [ $? != 0 ] ; then\n    # print error to STDERR\n    echo \"error: The sandbox is not in sync with the Podfile.lock. Run 'pod install' or update your CocoaPods installation.\" >&2\n    exit 1\nfi\n# This output is used by Xcode 'outputs' to avoid re-running this script phase.\necho \"SUCCESS\" > \"${SCRIPT_OUTPUT_FILE_0}\"\n";
			showEnvVarsInLog = 0;
		};
/* End PBXShellScriptBuildPhase section */

/* Begin PBXSourcesBuildPhase section */
		D069F0611E1CAE91008C79E7 /* Sources */ = {
			isa = PBXSourcesBuildPhase;
			buildActionMask = 2147483647;
			files = (
				516492F61E496AE000603880 /* LanguageListManagementViewController.swift in Sources */,
				51C0378C2068475D002663C7 /* Themes.swift in Sources */,
				D069F06D1E1CAE91008C79E7 /* DetailViewController.swift in Sources */,
				D0351FB51E24168A00C1DF53 /* ViewNoteViewController.swift in Sources */,
				D069F06B1E1CAE91008C79E7 /* MasterViewController.swift in Sources */,
				D0239A551E45328E00A55A6F /* DefaultLanguageListData.swift in Sources */,
				514C91201E344F4C00130EAE /* UserSettingsViewController.swift in Sources */,
				D0FF5E771E29841600F4678E /* EditNoteViewController.swift in Sources */,
				D069F0691E1CAE91008C79E7 /* AppDelegate.swift in Sources */,
				517F94AF1E4ACEC400EA0A8A /* LanguageListTableViewCell.swift in Sources */,
				D06F16B81E1E04A5007EDD5D /* NoteListTableViewCell.swift in Sources */,
				51AB1B0A1E3C6F2A00774E7E /* Model.xcdatamodeld in Sources */,
			);
			runOnlyForDeploymentPostprocessing = 0;
		};
		D069F0771E1CAE91008C79E7 /* Sources */ = {
			isa = PBXSourcesBuildPhase;
			buildActionMask = 2147483647;
			files = (
				D069F0801E1CAE91008C79E7 /* LanguageListTests.swift in Sources */,
			);
			runOnlyForDeploymentPostprocessing = 0;
		};
		D069F0821E1CAE91008C79E7 /* Sources */ = {
			isa = PBXSourcesBuildPhase;
			buildActionMask = 2147483647;
			files = (
				D069F08B1E1CAE91008C79E7 /* Code_NotesUITests.swift in Sources */,
			);
			runOnlyForDeploymentPostprocessing = 0;
		};
/* End PBXSourcesBuildPhase section */

/* Begin PBXTargetDependency section */
		D069F07D1E1CAE91008C79E7 /* PBXTargetDependency */ = {
			isa = PBXTargetDependency;
			target = D069F0641E1CAE91008C79E7 /* Code Notes */;
			targetProxy = D069F07C1E1CAE91008C79E7 /* PBXContainerItemProxy */;
		};
		D069F0881E1CAE91008C79E7 /* PBXTargetDependency */ = {
			isa = PBXTargetDependency;
			target = D069F0641E1CAE91008C79E7 /* Code Notes */;
			targetProxy = D069F0871E1CAE91008C79E7 /* PBXContainerItemProxy */;
		};
/* End PBXTargetDependency section */

/* Begin PBXVariantGroup section */
		D069F0731E1CAE91008C79E7 /* LaunchScreen.storyboard */ = {
			isa = PBXVariantGroup;
			children = (
				D069F0741E1CAE91008C79E7 /* Base */,
			);
			name = LaunchScreen.storyboard;
			sourceTree = "<group>";
		};
/* End PBXVariantGroup section */

/* Begin XCBuildConfiguration section */
		D069F08D1E1CAE91008C79E7 /* Debug */ = {
			isa = XCBuildConfiguration;
			buildSettings = {
				ALWAYS_SEARCH_USER_PATHS = NO;
				CLANG_ANALYZER_NONNULL = YES;
				CLANG_CXX_LANGUAGE_STANDARD = "gnu++0x";
				CLANG_CXX_LIBRARY = "libc++";
				CLANG_ENABLE_MODULES = YES;
				CLANG_ENABLE_OBJC_ARC = YES;
				CLANG_WARN_BLOCK_CAPTURE_AUTORELEASING = YES;
				CLANG_WARN_BOOL_CONVERSION = YES;
				CLANG_WARN_COMMA = YES;
				CLANG_WARN_CONSTANT_CONVERSION = YES;
				CLANG_WARN_DEPRECATED_OBJC_IMPLEMENTATIONS = YES;
				CLANG_WARN_DIRECT_OBJC_ISA_USAGE = YES_ERROR;
				CLANG_WARN_DOCUMENTATION_COMMENTS = YES;
				CLANG_WARN_EMPTY_BODY = YES;
				CLANG_WARN_ENUM_CONVERSION = YES;
				CLANG_WARN_IMPLICIT_SIGN_CONVERSION = YES;
				CLANG_WARN_INFINITE_RECURSION = YES;
				CLANG_WARN_INT_CONVERSION = YES;
				CLANG_WARN_NON_LITERAL_NULL_CONVERSION = YES;
				CLANG_WARN_OBJC_IMPLICIT_RETAIN_SELF = YES;
				CLANG_WARN_OBJC_LITERAL_CONVERSION = YES;
				CLANG_WARN_OBJC_ROOT_CLASS = YES_ERROR;
				CLANG_WARN_RANGE_LOOP_ANALYSIS = YES;
				CLANG_WARN_STRICT_PROTOTYPES = YES;
				CLANG_WARN_SUSPICIOUS_IMPLICIT_CONVERSION = YES;
				CLANG_WARN_SUSPICIOUS_MOVE = YES;
				CLANG_WARN_UNREACHABLE_CODE = YES;
				CLANG_WARN__DUPLICATE_METHOD_MATCH = YES;
				"CODE_SIGN_IDENTITY[sdk=iphoneos*]" = "iPhone Developer";
				COPY_PHASE_STRIP = NO;
				DEBUG_INFORMATION_FORMAT = dwarf;
				ENABLE_STRICT_OBJC_MSGSEND = YES;
				ENABLE_TESTABILITY = YES;
				GCC_C_LANGUAGE_STANDARD = gnu99;
				GCC_DYNAMIC_NO_PIC = NO;
				GCC_NO_COMMON_BLOCKS = YES;
				GCC_OPTIMIZATION_LEVEL = 0;
				GCC_PREPROCESSOR_DEFINITIONS = (
					"DEBUG=1",
					"$(inherited)",
				);
				GCC_WARN_64_TO_32_BIT_CONVERSION = YES;
				GCC_WARN_ABOUT_DEPRECATED_FUNCTIONS = YES;
				GCC_WARN_ABOUT_MISSING_FIELD_INITIALIZERS = YES;
				GCC_WARN_ABOUT_MISSING_NEWLINE = YES;
				GCC_WARN_ABOUT_RETURN_TYPE = YES;
				GCC_WARN_CHECK_SWITCH_STATEMENTS = YES;
				GCC_WARN_INITIALIZER_NOT_FULLY_BRACKETED = YES;
				GCC_WARN_MISSING_PARENTHESES = YES;
				GCC_WARN_SHADOW = YES;
				GCC_WARN_SIGN_COMPARE = YES;
				GCC_WARN_TYPECHECK_CALLS_TO_PRINTF = YES;
				GCC_WARN_UNDECLARED_SELECTOR = YES;
				GCC_WARN_UNINITIALIZED_AUTOS = YES_AGGRESSIVE;
				GCC_WARN_UNUSED_FUNCTION = YES;
				GCC_WARN_UNUSED_LABEL = YES;
				GCC_WARN_UNUSED_VALUE = YES;
				GCC_WARN_UNUSED_VARIABLE = YES;
				IPHONEOS_DEPLOYMENT_TARGET = 10.3;
				MTL_ENABLE_DEBUG_INFO = YES;
				ONLY_ACTIVE_ARCH = YES;
				SDKROOT = iphoneos;
				SWIFT_ACTIVE_COMPILATION_CONDITIONS = DEBUG;
				SWIFT_OPTIMIZATION_LEVEL = "-Onone";
				TARGETED_DEVICE_FAMILY = 2;
			};
			name = Debug;
		};
		D069F08E1E1CAE91008C79E7 /* Release */ = {
			isa = XCBuildConfiguration;
			buildSettings = {
				ALWAYS_SEARCH_USER_PATHS = NO;
				CLANG_ANALYZER_NONNULL = YES;
				CLANG_CXX_LANGUAGE_STANDARD = "gnu++0x";
				CLANG_CXX_LIBRARY = "libc++";
				CLANG_ENABLE_MODULES = YES;
				CLANG_ENABLE_OBJC_ARC = YES;
				CLANG_WARN_BLOCK_CAPTURE_AUTORELEASING = YES;
				CLANG_WARN_BOOL_CONVERSION = YES;
				CLANG_WARN_COMMA = YES;
				CLANG_WARN_CONSTANT_CONVERSION = YES;
				CLANG_WARN_DEPRECATED_OBJC_IMPLEMENTATIONS = YES;
				CLANG_WARN_DIRECT_OBJC_ISA_USAGE = YES_ERROR;
				CLANG_WARN_DOCUMENTATION_COMMENTS = YES;
				CLANG_WARN_EMPTY_BODY = YES;
				CLANG_WARN_ENUM_CONVERSION = YES;
				CLANG_WARN_IMPLICIT_SIGN_CONVERSION = YES;
				CLANG_WARN_INFINITE_RECURSION = YES;
				CLANG_WARN_INT_CONVERSION = YES;
				CLANG_WARN_NON_LITERAL_NULL_CONVERSION = YES;
				CLANG_WARN_OBJC_IMPLICIT_RETAIN_SELF = YES;
				CLANG_WARN_OBJC_LITERAL_CONVERSION = YES;
				CLANG_WARN_OBJC_ROOT_CLASS = YES_ERROR;
				CLANG_WARN_RANGE_LOOP_ANALYSIS = YES;
				CLANG_WARN_STRICT_PROTOTYPES = YES;
				CLANG_WARN_SUSPICIOUS_IMPLICIT_CONVERSION = YES;
				CLANG_WARN_SUSPICIOUS_MOVE = YES;
				CLANG_WARN_UNREACHABLE_CODE = YES;
				CLANG_WARN__DUPLICATE_METHOD_MATCH = YES;
				"CODE_SIGN_IDENTITY[sdk=iphoneos*]" = "iPhone Developer";
				COPY_PHASE_STRIP = NO;
				DEBUG_INFORMATION_FORMAT = "dwarf-with-dsym";
				ENABLE_NS_ASSERTIONS = NO;
				ENABLE_STRICT_OBJC_MSGSEND = YES;
				GCC_C_LANGUAGE_STANDARD = gnu99;
				GCC_NO_COMMON_BLOCKS = YES;
				GCC_WARN_64_TO_32_BIT_CONVERSION = YES;
				GCC_WARN_ABOUT_DEPRECATED_FUNCTIONS = YES;
				GCC_WARN_ABOUT_MISSING_FIELD_INITIALIZERS = YES;
				GCC_WARN_ABOUT_MISSING_NEWLINE = YES;
				GCC_WARN_ABOUT_RETURN_TYPE = YES;
				GCC_WARN_CHECK_SWITCH_STATEMENTS = YES;
				GCC_WARN_INITIALIZER_NOT_FULLY_BRACKETED = YES;
				GCC_WARN_MISSING_PARENTHESES = YES;
				GCC_WARN_SHADOW = YES;
				GCC_WARN_SIGN_COMPARE = YES;
				GCC_WARN_TYPECHECK_CALLS_TO_PRINTF = YES;
				GCC_WARN_UNDECLARED_SELECTOR = YES;
				GCC_WARN_UNINITIALIZED_AUTOS = YES_AGGRESSIVE;
				GCC_WARN_UNUSED_FUNCTION = YES;
				GCC_WARN_UNUSED_LABEL = YES;
				GCC_WARN_UNUSED_VALUE = YES;
				GCC_WARN_UNUSED_VARIABLE = YES;
				IPHONEOS_DEPLOYMENT_TARGET = 10.3;
				MTL_ENABLE_DEBUG_INFO = NO;
				SDKROOT = iphoneos;
				SWIFT_OPTIMIZATION_LEVEL = "-Owholemodule";
				TARGETED_DEVICE_FAMILY = 2;
				VALIDATE_PRODUCT = YES;
			};
			name = Release;
		};
		D069F0901E1CAE91008C79E7 /* Debug */ = {
			isa = XCBuildConfiguration;
			baseConfigurationReference = C5DEB2DE03710337B09F7E46 /* Pods-Code Notes.debug.xcconfig */;
			buildSettings = {
				ASSETCATALOG_COMPILER_APPICON_NAME = AppIcon;
				DEVELOPMENT_TEAM = 93BM64U6PG;
				INFOPLIST_FILE = "Code Notes/Info.plist";
				IPHONEOS_DEPLOYMENT_TARGET = 10.3;
				LD_RUNPATH_SEARCH_PATHS = "$(inherited) @executable_path/Frameworks";
				PRODUCT_BUNDLE_IDENTIFIER = "com.peterwitham.Code-Notes";
				PRODUCT_NAME = "$(TARGET_NAME)";
				SWIFT_SWIFT3_OBJC_INFERENCE = On;
				SWIFT_VERSION = 4.0;
			};
			name = Debug;
		};
		D069F0911E1CAE91008C79E7 /* Release */ = {
			isa = XCBuildConfiguration;
			baseConfigurationReference = C851A75942EB4944AF3BD8B5 /* Pods-Code Notes.release.xcconfig */;
			buildSettings = {
				ASSETCATALOG_COMPILER_APPICON_NAME = AppIcon;
				DEVELOPMENT_TEAM = 93BM64U6PG;
				GCC_TREAT_WARNINGS_AS_ERRORS = YES;
				INFOPLIST_FILE = "Code Notes/Info.plist";
				IPHONEOS_DEPLOYMENT_TARGET = 10.3;
				LD_RUNPATH_SEARCH_PATHS = "$(inherited) @executable_path/Frameworks";
				PRODUCT_BUNDLE_IDENTIFIER = "com.peterwitham.Code-Notes";
				PRODUCT_NAME = "$(TARGET_NAME)";
				SWIFT_SWIFT3_OBJC_INFERENCE = On;
				SWIFT_VERSION = 4.0;
			};
			name = Release;
		};
		D069F0931E1CAE91008C79E7 /* Debug */ = {
			isa = XCBuildConfiguration;
			baseConfigurationReference = E9938A16F671591CDCA8103B /* Pods-Code NotesTests.debug.xcconfig */;
			buildSettings = {
				ALWAYS_EMBED_SWIFT_STANDARD_LIBRARIES = YES;
				BUNDLE_LOADER = "$(TEST_HOST)";
				DEVELOPMENT_TEAM = 93BM64U6PG;
				INFOPLIST_FILE = "Code NotesTests/Info.plist";
				LD_RUNPATH_SEARCH_PATHS = "$(inherited) @executable_path/Frameworks @loader_path/Frameworks";
				PRODUCT_BUNDLE_IDENTIFIER = "com.peterwitham.Code-NotesTests";
				PRODUCT_NAME = "$(TARGET_NAME)";
				SWIFT_SWIFT3_OBJC_INFERENCE = On;
				SWIFT_VERSION = 4.0;
				TEST_HOST = "$(BUILT_PRODUCTS_DIR)/Code Notes.app/Code Notes";
			};
			name = Debug;
		};
		D069F0941E1CAE91008C79E7 /* Release */ = {
			isa = XCBuildConfiguration;
			baseConfigurationReference = 113F740B7A5DFDE031E07F36 /* Pods-Code NotesTests.release.xcconfig */;
			buildSettings = {
				ALWAYS_EMBED_SWIFT_STANDARD_LIBRARIES = YES;
				BUNDLE_LOADER = "$(TEST_HOST)";
				DEVELOPMENT_TEAM = 93BM64U6PG;
				INFOPLIST_FILE = "Code NotesTests/Info.plist";
				LD_RUNPATH_SEARCH_PATHS = "$(inherited) @executable_path/Frameworks @loader_path/Frameworks";
				PRODUCT_BUNDLE_IDENTIFIER = "com.peterwitham.Code-NotesTests";
				PRODUCT_NAME = "$(TARGET_NAME)";
				SWIFT_SWIFT3_OBJC_INFERENCE = On;
				SWIFT_VERSION = 4.0;
				TEST_HOST = "$(BUILT_PRODUCTS_DIR)/Code Notes.app/Code Notes";
			};
			name = Release;
		};
		D069F0961E1CAE91008C79E7 /* Debug */ = {
			isa = XCBuildConfiguration;
			baseConfigurationReference = 7CBAEBFDCFEFAB79395D5CD2 /* Pods-Code NotesUITests.debug.xcconfig */;
			buildSettings = {
				ALWAYS_EMBED_SWIFT_STANDARD_LIBRARIES = YES;
				DEVELOPMENT_TEAM = 93BM64U6PG;
				INFOPLIST_FILE = "Code NotesUITests/Info.plist";
				LD_RUNPATH_SEARCH_PATHS = "$(inherited) @executable_path/Frameworks @loader_path/Frameworks";
				PRODUCT_BUNDLE_IDENTIFIER = "com.peterwitham.Code-NotesUITests";
				PRODUCT_NAME = "$(TARGET_NAME)";
				SWIFT_SWIFT3_OBJC_INFERENCE = On;
				SWIFT_VERSION = 4.0;
				TEST_TARGET_NAME = "Code Notes";
			};
			name = Debug;
		};
		D069F0971E1CAE91008C79E7 /* Release */ = {
			isa = XCBuildConfiguration;
			baseConfigurationReference = 0208B67A0E032851657DF016 /* Pods-Code NotesUITests.release.xcconfig */;
			buildSettings = {
				ALWAYS_EMBED_SWIFT_STANDARD_LIBRARIES = YES;
				DEVELOPMENT_TEAM = 93BM64U6PG;
				INFOPLIST_FILE = "Code NotesUITests/Info.plist";
				LD_RUNPATH_SEARCH_PATHS = "$(inherited) @executable_path/Frameworks @loader_path/Frameworks";
				PRODUCT_BUNDLE_IDENTIFIER = "com.peterwitham.Code-NotesUITests";
				PRODUCT_NAME = "$(TARGET_NAME)";
				SWIFT_SWIFT3_OBJC_INFERENCE = On;
				SWIFT_VERSION = 4.0;
				TEST_TARGET_NAME = "Code Notes";
			};
			name = Release;
		};
/* End XCBuildConfiguration section */

/* Begin XCConfigurationList section */
		D069F0601E1CAE91008C79E7 /* Build configuration list for PBXProject "Code Notes" */ = {
			isa = XCConfigurationList;
			buildConfigurations = (
				D069F08D1E1CAE91008C79E7 /* Debug */,
				D069F08E1E1CAE91008C79E7 /* Release */,
			);
			defaultConfigurationIsVisible = 0;
			defaultConfigurationName = Release;
		};
		D069F08F1E1CAE91008C79E7 /* Build configuration list for PBXNativeTarget "Code Notes" */ = {
			isa = XCConfigurationList;
			buildConfigurations = (
				D069F0901E1CAE91008C79E7 /* Debug */,
				D069F0911E1CAE91008C79E7 /* Release */,
			);
			defaultConfigurationIsVisible = 0;
			defaultConfigurationName = Release;
		};
		D069F0921E1CAE91008C79E7 /* Build configuration list for PBXNativeTarget "Code NotesTests" */ = {
			isa = XCConfigurationList;
			buildConfigurations = (
				D069F0931E1CAE91008C79E7 /* Debug */,
				D069F0941E1CAE91008C79E7 /* Release */,
			);
			defaultConfigurationIsVisible = 0;
			defaultConfigurationName = Release;
		};
		D069F0951E1CAE91008C79E7 /* Build configuration list for PBXNativeTarget "Code NotesUITests" */ = {
			isa = XCConfigurationList;
			buildConfigurations = (
				D069F0961E1CAE91008C79E7 /* Debug */,
				D069F0971E1CAE91008C79E7 /* Release */,
			);
			defaultConfigurationIsVisible = 0;
			defaultConfigurationName = Release;
		};
/* End XCConfigurationList section */

/* Begin XCVersionGroup section */
		51AB1B081E3C6F2A00774E7E /* Model.xcdatamodeld */ = {
			isa = XCVersionGroup;
			children = (
				51AB1B091E3C6F2A00774E7E /* Model.xcdatamodel */,
			);
			currentVersion = 51AB1B091E3C6F2A00774E7E /* Model.xcdatamodel */;
			path = Model.xcdatamodeld;
			sourceTree = "<group>";
			versionGroupType = wrapper.xcdatamodel;
		};
/* End XCVersionGroup section */
	};
	rootObject = D069F05D1E1CAE91008C79E7 /* Project object */;
}
